
Microsoft Visual Studio Solution File, Format Version 12.00
# Visual Studio Version 17
VisualStudioVersion = 17.9.34622.214
MinimumVisualStudioVersion = 10.0.40219.1
Project("{FAE04EC0-301F-11D3-BF4B-00C04F79EFBC}") = "demoLinq", "demoLinq\demoLinq.csproj", "{8849EDDE-FE78-42DD-AB5D-EAB7EB6ECBBB}"
EndProject
Project("{FAE04EC0-301F-11D3-BF4B-00C04F79EFBC}") = "TCPData", "TCPData\TCPData.csproj", "{33A7A6BB-8389-4531-B90B-56E425B4C18A}"
EndProject
Project("{FAE04EC0-301F-11D3-BF4B-00C04F79EFBC}") = "TCPExtensions", "TCPExtensions\TCPExtensions.csproj", "{BDC57D72-1538-4180-B209-CC9670BB4BBF}"
EndProject
Global
	GlobalSection(SolutionConfigurationPlatforms) = preSolution
		Debug|Any CPU = Debug|Any CPU
		Release|Any CPU = Release|Any CPU
	EndGlobalSection
	GlobalSection(ProjectConfigurationPlatforms) = postSolution
		{8849EDDE-FE78-42DD-AB5D-EAB7EB6ECBBB}.Debug|Any CPU.ActiveCfg = Debug|Any CPU
		{8849EDDE-FE78-42DD-AB5D-EAB7EB6ECBBB}.Debug|Any CPU.Build.0 = Debug|Any CPU
		{8849EDDE-FE78-42DD-AB5D-EAB7EB6ECBBB}.Release|Any CPU.ActiveCfg = Release|Any CPU
		{8849EDDE-FE78-42DD-AB5D-EAB7EB6ECBBB}.Release|Any CPU.Build.0 = Release|Any CPU
		{33A7A6BB-8389-4531-B90B-56E425B4C18A}.Debug|Any CPU.ActiveCfg = Debug|Any CPU
		{33A7A6BB-8389-4531-B90B-56E425B4C18A}.Debug|Any CPU.Build.0 = Debug|Any CPU
		{33A7A6BB-8389-4531-B90B-56E425B4C18A}.Release|Any CPU.ActiveCfg = Release|Any CPU
		{33A7A6BB-8389-4531-B90B-56E425B4C18A}.Release|Any CPU.Build.0 = Release|Any CPU
		{BDC57D72-1538-4180-B209-CC9670BB4BBF}.Debug|Any CPU.ActiveCfg = Debug|Any CPU
		{BDC57D72-1538-4180-B209-CC9670BB4BBF}.Debug|Any CPU.Build.0 = Debug|Any CPU
		{BDC57D72-1538-4180-B209-CC9670BB4BBF}.Release|Any CPU.ActiveCfg = Release|Any CPU
		{BDC57D72-1538-4180-B209-CC9670BB4BBF}.Release|Any CPU.Build.0 = Release|Any CPU
	EndGlobalSection
	GlobalSection(SolutionProperties) = preSolution
		HideSolutionNode = FALSE
	EndGlobalSection
	GlobalSection(ExtensibilityGlobals) = postSolution
		SolutionGuid = {9D112195-1CBD-40C3-AB21-5982918B215F}
	EndGlobalSection
EndGlobal
